// !$*UTF8*$!
{
	archiveVersion = 1;
	classes = {
	};
	objectVersion = 77;
	objects = {

/* Begin PBXBuildFile section */
		02B83CB51FECD80B94438A2F /* ChatArchive.swift in Sources */ = {isa = PBXBuildFile; fileRef = 094C42C6DC4B76FE4E66E40D /* ChatArchive.swift */; };
		051E30A12B62E96A652522D3 /* FileExplorer.swift in Sources */ = {isa = PBXBuildFile; fileRef = 138D59F70F9CA07105FD1933 /* FileExplorer.swift */; };
		0BD576E2B4A206561BD3BED4 /* MainWindowView.swift in Sources */ = {isa = PBXBuildFile; fileRef = F7BD885E59F4C6849E846404 /* MainWindowView.swift */; };
		1426FBDE33222743A7485D0A /* JackCore.framework in Frameworks */ = {isa = PBXBuildFile; fileRef = A669F4C23030DFB614FB88C4 /* JackCore.framework */; };
		1498D1DF8A8083084BF82604 /* JackDesign.swift in Sources */ = {isa = PBXBuildFile; fileRef = 12A56C2DEDA3D8023FD61366 /* JackDesign.swift */; };
		1758CFAF8C920737DFED7D85 /* JackCore.framework in Embed Frameworks */ = {isa = PBXBuildFile; fileRef = A669F4C23030DFB614FB88C4 /* JackCore.framework */; settings = {ATTRIBUTES = (CodeSignOnCopy, RemoveHeadersOnCopy, ); }; };
		19F535BFB4481EB3F8D01D87 /* StatusBar.swift in Sources */ = {isa = PBXBuildFile; fileRef = A093DD8DC6081C7E5DB0FA3D /* StatusBar.swift */; };
		1E4B9916484367A33AC3D959 /* ChatUsage.swift in Sources */ = {isa = PBXBuildFile; fileRef = 0D0A660EF197200211C217B4 /* ChatUsage.swift */; };
		214E82491A5D4351F45187E4 /* SimulatorDisplay.swift in Sources */ = {isa = PBXBuildFile; fileRef = 87F75EF25C24256C43529DFF /* SimulatorDisplay.swift */; };
		26F33593401C4D6EF10CC974 /* AgentBridge.swift in Sources */ = {isa = PBXBuildFile; fileRef = 112E9D6E62140F40A3F29A21 /* AgentBridge.swift */; };
		28950F3713B14C7E4449B984 /* ProviderUsageView.swift in Sources */ = {isa = PBXBuildFile; fileRef = BB76527AA8274E1DC203B419 /* ProviderUsageView.swift */; };
		28AC8F651C192396167D8317 /* AttachmentViews.swift in Sources */ = {isa = PBXBuildFile; fileRef = A8AC5CBAB71E44192E8AF824 /* AttachmentViews.swift */; };
		34BC32CE33FE4D40341CCE4D /* AgentFoldersView.swift in Sources */ = {isa = PBXBuildFile; fileRef = 67147764C7E299C6400683A6 /* AgentFoldersView.swift */; };
		399CD8D588217F962CE06C5D /* AgentTabs.swift in Sources */ = {isa = PBXBuildFile; fileRef = 3621003C5F85DF2D65EFC584 /* AgentTabs.swift */; };
		4D90663164D5102D213F6D5F /* SwiftTerm in Frameworks */ = {isa = PBXBuildFile; productRef = 1385178F099D3E470B6B3D6E /* SwiftTerm */; };
		53306EA90065579DD4362D48 /* ApprovalViews.swift in Sources */ = {isa = PBXBuildFile; fileRef = 0E0312F9EF3FDF19D86B6340 /* ApprovalViews.swift */; };
		56C38ADB49FAC17203F73ED4 /* ClaudeSessions.swift in Sources */ = {isa = PBXBuildFile; fileRef = CA9AEFCAF5C3EB12827473A9 /* ClaudeSessions.swift */; };
		5C70B0D201725071F109AE1C /* ProjectIndex.swift in Sources */ = {isa = PBXBuildFile; fileRef = 8ED82B9B70891B0200DA37ED /* ProjectIndex.swift */; };
		6A89D2DA42A687D07F5F2C3F /* SimulatorPanel.swift in Sources */ = {isa = PBXBuildFile; fileRef = A3A3D7246F7BBDA7A8018807 /* SimulatorPanel.swift */; };
		6EB861C0B842D3CECBD7F800 /* ExecutableResolver.swift in Sources */ = {isa = PBXBuildFile; fileRef = 8A45A93DAF44DBBC83A60C50 /* ExecutableResolver.swift */; };
		7441A1CC448183A8E8566D6D /* WindowChrome.swift in Sources */ = {isa = PBXBuildFile; fileRef = 49EB006FB5D21FFC9B93D8CF /* WindowChrome.swift */; };
		7CF0D92236427584C6ED9239 /* PaneSplit.swift in Sources */ = {isa = PBXBuildFile; fileRef = BECA119E22381166808B5690 /* PaneSplit.swift */; };
		7E295FDBE4DB448AD14EB38C /* BrowserAddress.swift in Sources */ = {isa = PBXBuildFile; fileRef = D270EF82D7E479169076203B /* BrowserAddress.swift */; };
		827E3C32A16440805AD8B9D8 /* JackSidebar.swift in Sources */ = {isa = PBXBuildFile; fileRef = A513FA72943E495D585C29AB /* JackSidebar.swift */; };
		88169CA35E507941B634D8BC /* Models.swift in Sources */ = {isa = PBXBuildFile; fileRef = 9CC159ECABCA798A6D404BD8 /* Models.swift */; };
		8CFA9AFD04527815E8EC6FC0 /* ClaudeSessionPicker.swift in Sources */ = {isa = PBXBuildFile; fileRef = 3789D85F443A38492640A492 /* ClaudeSessionPicker.swift */; };
		8D901B967A33198662F4A94B /* ChatMessageRow.swift in Sources */ = {isa = PBXBuildFile; fileRef = 504E39FB7DA22A1B9933C4A5 /* ChatMessageRow.swift */; };
		945101B1264E34154DC79876 /* WorkspacePanel.swift in Sources */ = {isa = PBXBuildFile; fileRef = 6164E34644769C64B3E867B1 /* WorkspacePanel.swift */; };
		96AB78C25512D6E21C9AA45B /* ChatStore.swift in Sources */ = {isa = PBXBuildFile; fileRef = 55789284D46B10B50C316C86 /* ChatStore.swift */; };
		9E32EAA13FF894FCB4AAB92D /* SettingsView.swift in Sources */ = {isa = PBXBuildFile; fileRef = E2E1B2F8CCC4DBA9277E4269 /* SettingsView.swift */; };
		A2732E28952569560148E19D /* ChatDrivers.swift in Sources */ = {isa = PBXBuildFile; fileRef = 9CE721E7266C74484EE01DBD /* ChatDrivers.swift */; };
		A7D328F4FA370B7E3C7FFB6F /* ChatProcess.swift in Sources */ = {isa = PBXBuildFile; fileRef = E229CF3EA3E5C8331E30BF2D /* ChatProcess.swift */; };
		A98FB0615710A756161AC7F6 /* JackApp.swift in Sources */ = {isa = PBXBuildFile; fileRef = CC084525C4D6CE0EBEF1CF88 /* JackApp.swift */; };
		AF626BAEB5B26D0504A10C56 /* WaitingMessagesView.swift in Sources */ = {isa = PBXBuildFile; fileRef = 3DCC822661DED49C89F2189E /* WaitingMessagesView.swift */; };
		B2B738782CA7D19B82A2B3DA /* ChatModels.swift in Sources */ = {isa = PBXBuildFile; fileRef = D8E5B74C47ED76F7F4E3175D /* ChatModels.swift */; };
		B9766774E9F9FDA9D637016F /* AgentActivityView.swift in Sources */ = {isa = PBXBuildFile; fileRef = EC1BBE9D45CBEC403EA22C82 /* AgentActivityView.swift */; };
		BF38477F58288B2D1279DF30 /* ChatModelPicker.swift in Sources */ = {isa = PBXBuildFile; fileRef = C3D8A6CBC10C08DC5BE8F996 /* ChatModelPicker.swift */; };
		C0A2D15690CE9014A9C2E443 /* Simulators.swift in Sources */ = {isa = PBXBuildFile; fileRef = 0D507CBFB46C0D8CC4191A10 /* Simulators.swift */; };
		C119C546D022B81ABA72AAF1 /* SessionStore.swift in Sources */ = {isa = PBXBuildFile; fileRef = 48DDA04AE7E47B63803F18BB /* SessionStore.swift */; };
		CEAD7B435ED39A00C2787A75 /* JackCommands.swift in Sources */ = {isa = PBXBuildFile; fileRef = 6B8F35219BDD3B6F10A58137 /* JackCommands.swift */; };
		D0940594786ADCB9DF4AD81B /* ProjectFinder.swift in Sources */ = {isa = PBXBuildFile; fileRef = 83D024EB758956F78F8FDB4B /* ProjectFinder.swift */; };
		D5A642CF4BCD0CB1A9FA3806 /* Assets.xcassets in Resources */ = {isa = PBXBuildFile; fileRef = C4E64BB6ED15B3A579DB97CE /* Assets.xcassets */; };
		D96D2234A324FE3A3E06BAD7 /* StartView.swift in Sources */ = {isa = PBXBuildFile; fileRef = 50C1361476010EC1B422C026 /* StartView.swift */; };
		D9BC01980D4186E943774370 /* ChatCommandViews.swift in Sources */ = {isa = PBXBuildFile; fileRef = E1DA779938E07CE10645928A /* ChatCommandViews.swift */; };
		DF87C7D5B4F7163DBFBADFD0 /* NewAgentSheet.swift in Sources */ = {isa = PBXBuildFile; fileRef = 8816FF36883C8E65FD124DC7 /* NewAgentSheet.swift */; };
		E60ACFDAC8A34BDB557D96DC /* UnixSocketTransport.swift in Sources */ = {isa = PBXBuildFile; fileRef = 09291DE01EDF91BE9972B424 /* UnixSocketTransport.swift */; };
		E824B6F7F7B32A392DC14117 /* ChatModelChoice.swift in Sources */ = {isa = PBXBuildFile; fileRef = BAA06A062E9665524A768902 /* ChatModelChoice.swift */; };
		EC04FA625364509E11174352 /* MarkdownText.swift in Sources */ = {isa = PBXBuildFile; fileRef = 9BF3FCA24BA069D694B0B6F5 /* MarkdownText.swift */; };
		F08A921CC43E600748CC33B8 /* ChatAttachments.swift in Sources */ = {isa = PBXBuildFile; fileRef = 56C4F86A9A39B8CF9807B05C /* ChatAttachments.swift */; };
		F4C4F1A3CBF9BF0DD8CEB3FB /* ContextPanelView.swift in Sources */ = {isa = PBXBuildFile; fileRef = 0AD6A284F00CF9276696D1F8 /* ContextPanelView.swift */; };
/* End PBXBuildFile section */

/* Begin PBXContainerItemProxy section */
		8A116BAE66410D0001A37F03 /* PBXContainerItemProxy */ = {
			isa = PBXContainerItemProxy;
			containerPortal = 0D6918EDC0DA90E9F7119A31 /* Project object */;
			proxyType = 1;
			remoteGlobalIDString = 61A0A070CDB6618923644A0D;
			remoteInfo = JackCore;
		};
/* End PBXContainerItemProxy section */

/* Begin PBXCopyFilesBuildPhase section */
		FF181DF229861E5FF8BBC824 /* Embed Frameworks */ = {
			isa = PBXCopyFilesBuildPhase;
			buildActionMask = 2147483647;
			dstPath = "";
			dstSubfolderSpec = 10;
			files = (
				1758CFAF8C920737DFED7D85 /* JackCore.framework in Embed Frameworks */,
			);
			name = "Embed Frameworks";
			runOnlyForDeploymentPostprocessing = 0;
		};
/* End PBXCopyFilesBuildPhase section */

/* Begin PBXFileReference section */
		09291DE01EDF91BE9972B424 /* UnixSocketTransport.swift */ = {isa = PBXFileReference; lastKnownFileType = sourcecode.swift; path = UnixSocketTransport.swift; sourceTree = "<group>"; };
		094C42C6DC4B76FE4E66E40D /* ChatArchive.swift */ = {isa = PBXFileReference; lastKnownFileType = sourcecode.swift; path = ChatArchive.swift; sourceTree = "<group>"; };
		0AD6A284F00CF9276696D1F8 /* ContextPanelView.swift */ = {isa = PBXFileReference; lastKnownFileType = sourcecode.swift; path = ContextPanelView.swift; sourceTree = "<group>"; };
		0D0A660EF197200211C217B4 /* ChatUsage.swift */ = {isa = PBXFileReference; lastKnownFileType = sourcecode.swift; path = ChatUsage.swift; sourceTree = "<group>"; };
		0D507CBFB46C0D8CC4191A10 /* Simulators.swift */ = {isa = PBXFileReference; lastKnownFileType = sourcecode.swift; path = Simulators.swift; sourceTree = "<group>"; };
		0E0312F9EF3FDF19D86B6340 /* ApprovalViews.swift */ = {isa = PBXFileReference; lastKnownFileType = sourcecode.swift; path = ApprovalViews.swift; sourceTree = "<group>"; };
		112E9D6E62140F40A3F29A21 /* AgentBridge.swift */ = {isa = PBXFileReference; lastKnownFileType = sourcecode.swift; path = AgentBridge.swift; sourceTree = "<group>"; };
		12A56C2DEDA3D8023FD61366 /* JackDesign.swift */ = {isa = PBXFileReference; lastKnownFileType = sourcecode.swift; path = JackDesign.swift; sourceTree = "<group>"; };
		138D59F70F9CA07105FD1933 /* FileExplorer.swift */ = {isa = PBXFileReference; lastKnownFileType = sourcecode.swift; path = FileExplorer.swift; sourceTree = "<group>"; };
		3621003C5F85DF2D65EFC584 /* AgentTabs.swift */ = {isa = PBXFileReference; lastKnownFileType = sourcecode.swift; path = AgentTabs.swift; sourceTree = "<group>"; };
		3789D85F443A38492640A492 /* ClaudeSessionPicker.swift */ = {isa = PBXFileReference; lastKnownFileType = sourcecode.swift; path = ClaudeSessionPicker.swift; sourceTree = "<group>"; };
		3DCC822661DED49C89F2189E /* WaitingMessagesView.swift */ = {isa = PBXFileReference; lastKnownFileType = sourcecode.swift; path = WaitingMessagesView.swift; sourceTree = "<group>"; };
		48DDA04AE7E47B63803F18BB /* SessionStore.swift */ = {isa = PBXFileReference; lastKnownFileType = sourcecode.swift; path = SessionStore.swift; sourceTree = "<group>"; };
		49EB006FB5D21FFC9B93D8CF /* WindowChrome.swift */ = {isa = PBXFileReference; lastKnownFileType = sourcecode.swift; path = WindowChrome.swift; sourceTree = "<group>"; };
		504E39FB7DA22A1B9933C4A5 /* ChatMessageRow.swift */ = {isa = PBXFileReference; lastKnownFileType = sourcecode.swift; path = ChatMessageRow.swift; sourceTree = "<group>"; };
		50C1361476010EC1B422C026 /* StartView.swift */ = {isa = PBXFileReference; lastKnownFileType = sourcecode.swift; path = StartView.swift; sourceTree = "<group>"; };
		55789284D46B10B50C316C86 /* ChatStore.swift */ = {isa = PBXFileReference; lastKnownFileType = sourcecode.swift; path = ChatStore.swift; sourceTree = "<group>"; };
		56C4F86A9A39B8CF9807B05C /* ChatAttachments.swift */ = {isa = PBXFileReference; lastKnownFileType = sourcecode.swift; path = ChatAttachments.swift; sourceTree = "<group>"; };
		6164E34644769C64B3E867B1 /* WorkspacePanel.swift */ = {isa = PBXFileReference; lastKnownFileType = sourcecode.swift; path = WorkspacePanel.swift; sourceTree = "<group>"; };
		67147764C7E299C6400683A6 /* AgentFoldersView.swift */ = {isa = PBXFileReference; lastKnownFileType = sourcecode.swift; path = AgentFoldersView.swift; sourceTree = "<group>"; };
		6B8F35219BDD3B6F10A58137 /* JackCommands.swift */ = {isa = PBXFileReference; lastKnownFileType = sourcecode.swift; path = JackCommands.swift; sourceTree = "<group>"; };
		83D024EB758956F78F8FDB4B /* ProjectFinder.swift */ = {isa = PBXFileReference; lastKnownFileType = sourcecode.swift; path = ProjectFinder.swift; sourceTree = "<group>"; };
		87F75EF25C24256C43529DFF /* SimulatorDisplay.swift */ = {isa = PBXFileReference; lastKnownFileType = sourcecode.swift; path = SimulatorDisplay.swift; sourceTree = "<group>"; };
		8816FF36883C8E65FD124DC7 /* NewAgentSheet.swift */ = {isa = PBXFileReference; lastKnownFileType = sourcecode.swift; path = NewAgentSheet.swift; sourceTree = "<group>"; };
		8A45A93DAF44DBBC83A60C50 /* ExecutableResolver.swift */ = {isa = PBXFileReference; lastKnownFileType = sourcecode.swift; path = ExecutableResolver.swift; sourceTree = "<group>"; };
		8ED82B9B70891B0200DA37ED /* ProjectIndex.swift */ = {isa = PBXFileReference; lastKnownFileType = sourcecode.swift; path = ProjectIndex.swift; sourceTree = "<group>"; };
		9BF3FCA24BA069D694B0B6F5 /* MarkdownText.swift */ = {isa = PBXFileReference; lastKnownFileType = sourcecode.swift; path = MarkdownText.swift; sourceTree = "<group>"; };
		9CC159ECABCA798A6D404BD8 /* Models.swift */ = {isa = PBXFileReference; lastKnownFileType = sourcecode.swift; path = Models.swift; sourceTree = "<group>"; };
		9CE721E7266C74484EE01DBD /* ChatDrivers.swift */ = {isa = PBXFileReference; lastKnownFileType = sourcecode.swift; path = ChatDrivers.swift; sourceTree = "<group>"; };
		A093DD8DC6081C7E5DB0FA3D /* StatusBar.swift */ = {isa = PBXFileReference; lastKnownFileType = sourcecode.swift; path = StatusBar.swift; sourceTree = "<group>"; };
		A3A3D7246F7BBDA7A8018807 /* SimulatorPanel.swift */ = {isa = PBXFileReference; lastKnownFileType = sourcecode.swift; path = SimulatorPanel.swift; sourceTree = "<group>"; };
		A513FA72943E495D585C29AB /* JackSidebar.swift */ = {isa = PBXFileReference; lastKnownFileType = sourcecode.swift; path = JackSidebar.swift; sourceTree = "<group>"; };
		A669F4C23030DFB614FB88C4 /* JackCore.framework */ = {isa = PBXFileReference; explicitFileType = wrapper.framework; includeInIndex = 0; path = JackCore.framework; sourceTree = BUILT_PRODUCTS_DIR; };
		A8AC5CBAB71E44192E8AF824 /* AttachmentViews.swift */ = {isa = PBXFileReference; lastKnownFileType = sourcecode.swift; path = AttachmentViews.swift; sourceTree = "<group>"; };
		BAA06A062E9665524A768902 /* ChatModelChoice.swift */ = {isa = PBXFileReference; lastKnownFileType = sourcecode.swift; path = ChatModelChoice.swift; sourceTree = "<group>"; };
		BB76527AA8274E1DC203B419 /* ProviderUsageView.swift */ = {isa = PBXFileReference; lastKnownFileType = sourcecode.swift; path = ProviderUsageView.swift; sourceTree = "<group>"; };
		BECA119E22381166808B5690 /* PaneSplit.swift */ = {isa = PBXFileReference; lastKnownFileType = sourcecode.swift; path = PaneSplit.swift; sourceTree = "<group>"; };
		C3D8A6CBC10C08DC5BE8F996 /* ChatModelPicker.swift */ = {isa = PBXFileReference; lastKnownFileType = sourcecode.swift; path = ChatModelPicker.swift; sourceTree = "<group>"; };
		C4E64BB6ED15B3A579DB97CE /* Assets.xcassets */ = {isa = PBXFileReference; lastKnownFileType = folder.assetcatalog; path = Assets.xcassets; sourceTree = "<group>"; };
		CA9AEFCAF5C3EB12827473A9 /* ClaudeSessions.swift */ = {isa = PBXFileReference; lastKnownFileType = sourcecode.swift; path = ClaudeSessions.swift; sourceTree = "<group>"; };
		CC084525C4D6CE0EBEF1CF88 /* JackApp.swift */ = {isa = PBXFileReference; lastKnownFileType = sourcecode.swift; path = JackApp.swift; sourceTree = "<group>"; };
		D270EF82D7E479169076203B /* BrowserAddress.swift */ = {isa = PBXFileReference; lastKnownFileType = sourcecode.swift; path = BrowserAddress.swift; sourceTree = "<group>"; };
		D8E5B74C47ED76F7F4E3175D /* ChatModels.swift */ = {isa = PBXFileReference; lastKnownFileType = sourcecode.swift; path = ChatModels.swift; sourceTree = "<group>"; };
		E1DA779938E07CE10645928A /* ChatCommandViews.swift */ = {isa = PBXFileReference; lastKnownFileType = sourcecode.swift; path = ChatCommandViews.swift; sourceTree = "<group>"; };
		E229CF3EA3E5C8331E30BF2D /* ChatProcess.swift */ = {isa = PBXFileReference; lastKnownFileType = sourcecode.swift; path = ChatProcess.swift; sourceTree = "<group>"; };
		E2E1B2F8CCC4DBA9277E4269 /* SettingsView.swift */ = {isa = PBXFileReference; lastKnownFileType = sourcecode.swift; path = SettingsView.swift; sourceTree = "<group>"; };
		EC1BBE9D45CBEC403EA22C82 /* AgentActivityView.swift */ = {isa = PBXFileReference; lastKnownFileType = sourcecode.swift; path = AgentActivityView.swift; sourceTree = "<group>"; };
		F7BD885E59F4C6849E846404 /* MainWindowView.swift */ = {isa = PBXFileReference; lastKnownFileType = sourcecode.swift; path = MainWindowView.swift; sourceTree = "<group>"; };
		FB9EA786E5FECB86077B5F5E /* Jack.app */ = {isa = PBXFileReference; explicitFileType = wrapper.application; includeInIndex = 0; path = Jack.app; sourceTree = BUILT_PRODUCTS_DIR; };
/* End PBXFileReference section */

/* Begin PBXFrameworksBuildPhase section */
		2001F11A96C2C405A68651E2 /* Frameworks */ = {
			isa = PBXFrameworksBuildPhase;
			buildActionMask = 2147483647;
			files = (
				1426FBDE33222743A7485D0A /* JackCore.framework in Frameworks */,
				4D90663164D5102D213F6D5F /* SwiftTerm in Frameworks */,
			);
			runOnlyForDeploymentPostprocessing = 0;
		};
/* End PBXFrameworksBuildPhase section */

/* Begin PBXGroup section */
		10185CEDD28044A0F4B46BD2 /* Products */ = {
			isa = PBXGroup;
			children = (
				FB9EA786E5FECB86077B5F5E /* Jack.app */,
				A669F4C23030DFB614FB88C4 /* JackCore.framework */,
			);
			name = Products;
			sourceTree = "<group>";
		};
		17659D72BFDF6A512C205A66 /* JackCore */ = {
			isa = PBXGroup;
			children = (
				112E9D6E62140F40A3F29A21 /* AgentBridge.swift */,
				D270EF82D7E479169076203B /* BrowserAddress.swift */,
				094C42C6DC4B76FE4E66E40D /* ChatArchive.swift */,
				56C4F86A9A39B8CF9807B05C /* ChatAttachments.swift */,
				9CE721E7266C74484EE01DBD /* ChatDrivers.swift */,
				BAA06A062E9665524A768902 /* ChatModelChoice.swift */,
				D8E5B74C47ED76F7F4E3175D /* ChatModels.swift */,
				E229CF3EA3E5C8331E30BF2D /* ChatProcess.swift */,
				55789284D46B10B50C316C86 /* ChatStore.swift */,
				0D0A660EF197200211C217B4 /* ChatUsage.swift */,
				CA9AEFCAF5C3EB12827473A9 /* ClaudeSessions.swift */,
				8A45A93DAF44DBBC83A60C50 /* ExecutableResolver.swift */,
				9CC159ECABCA798A6D404BD8 /* Models.swift */,
				83D024EB758956F78F8FDB4B /* ProjectFinder.swift */,
				48DDA04AE7E47B63803F18BB /* SessionStore.swift */,
				0D507CBFB46C0D8CC4191A10 /* Simulators.swift */,
				09291DE01EDF91BE9972B424 /* UnixSocketTransport.swift */,
			);
			path = JackCore;
			sourceTree = "<group>";
		};
		2AF414334C3065F549E8540E /* Sources */ = {
			isa = PBXGroup;
			children = (
				E4219796004773F28B8EA80D /* Jack */,
				17659D72BFDF6A512C205A66 /* JackCore */,
			);
			path = Sources;
			sourceTree = "<group>";
		};
		3D49F9DCD5727EBDF114792D = {
			isa = PBXGroup;
			children = (
				AF400410ECD3834A7BDA72DB /* Resources */,
				2AF414334C3065F549E8540E /* Sources */,
				10185CEDD28044A0F4B46BD2 /* Products */,
			);
			sourceTree = "<group>";
		};
		AF400410ECD3834A7BDA72DB /* Resources */ = {
			isa = PBXGroup;
			children = (
				C4E64BB6ED15B3A579DB97CE /* Assets.xcassets */,
			);
			path = Resources;
			sourceTree = "<group>";
		};
		E4219796004773F28B8EA80D /* Jack */ = {
			isa = PBXGroup;
			children = (
				EC1BBE9D45CBEC403EA22C82 /* AgentActivityView.swift */,
				67147764C7E299C6400683A6 /* AgentFoldersView.swift */,
				3621003C5F85DF2D65EFC584 /* AgentTabs.swift */,
				0E0312F9EF3FDF19D86B6340 /* ApprovalViews.swift */,
				A8AC5CBAB71E44192E8AF824 /* AttachmentViews.swift */,
				E1DA779938E07CE10645928A /* ChatCommandViews.swift */,
				504E39FB7DA22A1B9933C4A5 /* ChatMessageRow.swift */,
				C3D8A6CBC10C08DC5BE8F996 /* ChatModelPicker.swift */,
				3789D85F443A38492640A492 /* ClaudeSessionPicker.swift */,
				0AD6A284F00CF9276696D1F8 /* ContextPanelView.swift */,
				138D59F70F9CA07105FD1933 /* FileExplorer.swift */,
				CC084525C4D6CE0EBEF1CF88 /* JackApp.swift */,
				6B8F35219BDD3B6F10A58137 /* JackCommands.swift */,
				12A56C2DEDA3D8023FD61366 /* JackDesign.swift */,
				A513FA72943E495D585C29AB /* JackSidebar.swift */,
				F7BD885E59F4C6849E846404 /* MainWindowView.swift */,
				9BF3FCA24BA069D694B0B6F5 /* MarkdownText.swift */,
				8816FF36883C8E65FD124DC7 /* NewAgentSheet.swift */,
				BECA119E22381166808B5690 /* PaneSplit.swift */,
				8ED82B9B70891B0200DA37ED /* ProjectIndex.swift */,
				BB76527AA8274E1DC203B419 /* ProviderUsageView.swift */,
				E2E1B2F8CCC4DBA9277E4269 /* SettingsView.swift */,
				87F75EF25C24256C43529DFF /* SimulatorDisplay.swift */,
				A3A3D7246F7BBDA7A8018807 /* SimulatorPanel.swift */,
				50C1361476010EC1B422C026 /* StartView.swift */,
				A093DD8DC6081C7E5DB0FA3D /* StatusBar.swift */,
				3DCC822661DED49C89F2189E /* WaitingMessagesView.swift */,
				49EB006FB5D21FFC9B93D8CF /* WindowChrome.swift */,
				6164E34644769C64B3E867B1 /* WorkspacePanel.swift */,
			);
			path = Jack;
			sourceTree = "<group>";
		};
/* End PBXGroup section */

/* Begin PBXNativeTarget section */
		30C3744496B0DE2E20AAFCC0 /* Jack */ = {
			isa = PBXNativeTarget;
			buildConfigurationList = 601924937A33EACC68F42767 /* Build configuration list for PBXNativeTarget "Jack" */;
			buildPhases = (
				6837138BEFBEFABFEA776BB2 /* Sources */,
				147FA3EDF5AAEC5A55D032E6 /* Resources */,
				2001F11A96C2C405A68651E2 /* Frameworks */,
				FF181DF229861E5FF8BBC824 /* Embed Frameworks */,
			);
			buildRules = (
			);
			dependencies = (
				B98D51581535FAF4D02E4205 /* PBXTargetDependency */,
			);
			name = Jack;
			packageProductDependencies = (
				1385178F099D3E470B6B3D6E /* SwiftTerm */,
			);
			productName = Jack;
			productReference = FB9EA786E5FECB86077B5F5E /* Jack.app */;
			productType = "com.apple.product-type.application";
		};
		61A0A070CDB6618923644A0D /* JackCore */ = {
			isa = PBXNativeTarget;
			buildConfigurationList = EB9F13B05DF9C6015CA64BAB /* Build configuration list for PBXNativeTarget "JackCore" */;
			buildPhases = (
				BEEBF929D4B07C77962C5DAF /* Sources */,
			);
			buildRules = (
			);
			dependencies = (
			);
			name = JackCore;
			packageProductDependencies = (
			);
			productName = JackCore;
			productReference = A669F4C23030DFB614FB88C4 /* JackCore.framework */;
			productType = "com.apple.product-type.framework";
		};
/* End PBXNativeTarget section */

/* Begin PBXProject section */
		0D6918EDC0DA90E9F7119A31 /* Project object */ = {
			isa = PBXProject;
			attributes = {
				BuildIndependentTargetsInParallel = YES;
				LastUpgradeCheck = 1430;
				TargetAttributes = {
					30C3744496B0DE2E20AAFCC0 = {
						ProvisioningStyle = Manual;
					};
					61A0A070CDB6618923644A0D = {
						ProvisioningStyle = Manual;
					};
				};
			};
			buildConfigurationList = C38D1958DEF0BE7F8FDB073E /* Build configuration list for PBXProject "Jack" */;
			developmentRegion = en;
			hasScannedForEncodings = 0;
			knownRegions = (
				Base,
				en,
			);
			mainGroup = 3D49F9DCD5727EBDF114792D;
			minimizedProjectReferenceProxies = 1;
			packageReferences = (
				34E4D313CFA9B1F1DD6D13A0 /* XCRemoteSwiftPackageReference "SwiftTerm" */,
			);
			preferredProjectObjectVersion = 77;
			productRefGroup = 10185CEDD28044A0F4B46BD2 /* Products */;
			projectDirPath = "";
			projectRoot = "";
			targets = (
				61A0A070CDB6618923644A0D /* JackCore */,
				30C3744496B0DE2E20AAFCC0 /* Jack */,
			);
		};
/* End PBXProject section */

/* Begin PBXResourcesBuildPhase section */
		147FA3EDF5AAEC5A55D032E6 /* Resources */ = {
			isa = PBXResourcesBuildPhase;
			buildActionMask = 2147483647;
			files = (
				D5A642CF4BCD0CB1A9FA3806 /* Assets.xcassets in Resources */,
			);
			runOnlyForDeploymentPostprocessing = 0;
		};
/* End PBXResourcesBuildPhase section */

/* Begin PBXSourcesBuildPhase section */
		6837138BEFBEFABFEA776BB2 /* Sources */ = {
			isa = PBXSourcesBuildPhase;
			buildActionMask = 2147483647;
			files = (
				B9766774E9F9FDA9D637016F /* AgentActivityView.swift in Sources */,
				34BC32CE33FE4D40341CCE4D /* AgentFoldersView.swift in Sources */,
				399CD8D588217F962CE06C5D /* AgentTabs.swift in Sources */,
				53306EA90065579DD4362D48 /* ApprovalViews.swift in Sources */,
				28AC8F651C192396167D8317 /* AttachmentViews.swift in Sources */,
				D9BC01980D4186E943774370 /* ChatCommandViews.swift in Sources */,
				8D901B967A33198662F4A94B /* ChatMessageRow.swift in Sources */,
				BF38477F58288B2D1279DF30 /* ChatModelPicker.swift in Sources */,
				8CFA9AFD04527815E8EC6FC0 /* ClaudeSessionPicker.swift in Sources */,
				F4C4F1A3CBF9BF0DD8CEB3FB /* ContextPanelView.swift in Sources */,
				051E30A12B62E96A652522D3 /* FileExplorer.swift in Sources */,
				A98FB0615710A756161AC7F6 /* JackApp.swift in Sources */,
				CEAD7B435ED39A00C2787A75 /* JackCommands.swift in Sources */,
				1498D1DF8A8083084BF82604 /* JackDesign.swift in Sources */,
				827E3C32A16440805AD8B9D8 /* JackSidebar.swift in Sources */,
				0BD576E2B4A206561BD3BED4 /* MainWindowView.swift in Sources */,
				EC04FA625364509E11174352 /* MarkdownText.swift in Sources */,
				DF87C7D5B4F7163DBFBADFD0 /* NewAgentSheet.swift in Sources */,
				7CF0D92236427584C6ED9239 /* PaneSplit.swift in Sources */,
				5C70B0D201725071F109AE1C /* ProjectIndex.swift in Sources */,
				28950F3713B14C7E4449B984 /* ProviderUsageView.swift in Sources */,
				9E32EAA13FF894FCB4AAB92D /* SettingsView.swift in Sources */,
				214E82491A5D4351F45187E4 /* SimulatorDisplay.swift in Sources */,
				6A89D2DA42A687D07F5F2C3F /* SimulatorPanel.swift in Sources */,
				D96D2234A324FE3A3E06BAD7 /* StartView.swift in Sources */,
				19F535BFB4481EB3F8D01D87 /* StatusBar.swift in Sources */,
				AF626BAEB5B26D0504A10C56 /* WaitingMessagesView.swift in Sources */,
				7441A1CC448183A8E8566D6D /* WindowChrome.swift in Sources */,
				945101B1264E34154DC79876 /* WorkspacePanel.swift in Sources */,
			);
			runOnlyForDeploymentPostprocessing = 0;
		};
		BEEBF929D4B07C77962C5DAF /* Sources */ = {
			isa = PBXSourcesBuildPhase;
			buildActionMask = 2147483647;
			files = (
				26F33593401C4D6EF10CC974 /* AgentBridge.swift in Sources */,
				7E295FDBE4DB448AD14EB38C /* BrowserAddress.swift in Sources */,
				02B83CB51FECD80B94438A2F /* ChatArchive.swift in Sources */,
				F08A921CC43E600748CC33B8 /* ChatAttachments.swift in Sources */,
				A2732E28952569560148E19D /* ChatDrivers.swift in Sources */,
				E824B6F7F7B32A392DC14117 /* ChatModelChoice.swift in Sources */,
				B2B738782CA7D19B82A2B3DA /* ChatModels.swift in Sources */,
				A7D328F4FA370B7E3C7FFB6F /* ChatProcess.swift in Sources */,
				96AB78C25512D6E21C9AA45B /* ChatStore.swift in Sources */,
				1E4B9916484367A33AC3D959 /* ChatUsage.swift in Sources */,
				56C38ADB49FAC17203F73ED4 /* ClaudeSessions.swift in Sources */,
				6EB861C0B842D3CECBD7F800 /* ExecutableResolver.swift in Sources */,
				88169CA35E507941B634D8BC /* Models.swift in Sources */,
				D0940594786ADCB9DF4AD81B /* ProjectFinder.swift in Sources */,
				C119C546D022B81ABA72AAF1 /* SessionStore.swift in Sources */,
				C0A2D15690CE9014A9C2E443 /* Simulators.swift in Sources */,
				E60ACFDAC8A34BDB557D96DC /* UnixSocketTransport.swift in Sources */,
			);
			runOnlyForDeploymentPostprocessing = 0;
		};
/* End PBXSourcesBuildPhase section */

/* Begin PBXTargetDependency section */
		B98D51581535FAF4D02E4205 /* PBXTargetDependency */ = {
			isa = PBXTargetDependency;
			target = 61A0A070CDB6618923644A0D /* JackCore */;
			targetProxy = 8A116BAE66410D0001A37F03 /* PBXContainerItemProxy */;
		};
/* End PBXTargetDependency section */

/* Begin XCBuildConfiguration section */
		08EABF99203A71CB4719E055 /* Release */ = {
			isa = XCBuildConfiguration;
			buildSettings = {
				ASSETCATALOG_COMPILER_APPICON_NAME = AppIcon;
				COMBINE_HIDPI_IMAGES = YES;
				ENABLE_APP_SANDBOX = NO;
				INFOPLIST_FILE = Resources/Info.plist;
				LD_RUNPATH_SEARCH_PATHS = "$(inherited) @executable_path/../Frameworks";
				PRODUCT_BUNDLE_IDENTIFIER = dev.jack.desktop;
				PRODUCT_NAME = Jack;
				SDKROOT = macosx;
			};
			name = Release;
		};
		0CC167BC50CA643DF0DCCF10 /* Debug */ = {
			isa = XCBuildConfiguration;
			buildSettings = {
				CODE_SIGN_IDENTITY = "";
				COMBINE_HIDPI_IMAGES = YES;
				CURRENT_PROJECT_VERSION = 1;
				DEFINES_MODULE = YES;
				DYLIB_COMPATIBILITY_VERSION = 1;
				DYLIB_CURRENT_VERSION = 1;
				DYLIB_INSTALL_NAME_BASE = "@rpath";
				GENERATE_INFOPLIST_FILE = YES;
				INSTALL_PATH = "$(LOCAL_LIBRARY_DIR)/Frameworks";
				LD_RUNPATH_SEARCH_PATHS = (
					"$(inherited)",
					"@executable_path/../Frameworks",
				);
				PRODUCT_BUNDLE_IDENTIFIER = dev.jack.core;
				SDKROOT = macosx;
				SKIP_INSTALL = YES;
				VERSIONING_SYSTEM = "apple-generic";
			};
			name = Debug;
		};
		552248331D550A98A182552C /* Debug */ = {
			isa = XCBuildConfiguration;
			buildSettings = {
				ASSETCATALOG_COMPILER_APPICON_NAME = AppIcon;
				COMBINE_HIDPI_IMAGES = YES;
				ENABLE_APP_SANDBOX = NO;
				INFOPLIST_FILE = Resources/Info.plist;
				LD_RUNPATH_SEARCH_PATHS = "$(inherited) @executable_path/../Frameworks";
				PRODUCT_BUNDLE_IDENTIFIER = dev.jack.desktop;
				PRODUCT_NAME = Jack;
				SDKROOT = macosx;
			};
			name = Debug;
		};
		67971111F728CABDA6C283EE /* Release */ = {
			isa = XCBuildConfiguration;
			buildSettings = {
				CODE_SIGN_IDENTITY = "";
				COMBINE_HIDPI_IMAGES = YES;
				CURRENT_PROJECT_VERSION = 1;
				DEFINES_MODULE = YES;
				DYLIB_COMPATIBILITY_VERSION = 1;
				DYLIB_CURRENT_VERSION = 1;
				DYLIB_INSTALL_NAME_BASE = "@rpath";
				GENERATE_INFOPLIST_FILE = YES;
				INSTALL_PATH = "$(LOCAL_LIBRARY_DIR)/Frameworks";
				LD_RUNPATH_SEARCH_PATHS = (
					"$(inherited)",
					"@executable_path/../Frameworks",
				);
				PRODUCT_BUNDLE_IDENTIFIER = dev.jack.core;
				SDKROOT = macosx;
				SKIP_INSTALL = YES;
				VERSIONING_SYSTEM = "apple-generic";
			};
			name = Release;
		};
		7942847CDAC2E1A70B96F349 /* Release */ = {
			isa = XCBuildConfiguration;
			buildSettings = {
				ALWAYS_SEARCH_USER_PATHS = NO;
				ARCHS = arm64;
				CLANG_ANALYZER_NONNULL = YES;
				CLANG_ANALYZER_NUMBER_OBJECT_CONVERSION = YES_AGGRESSIVE;
				CLANG_CXX_LANGUAGE_STANDARD = "gnu++14";
				CLANG_CXX_LIBRARY = "libc++";
				CLANG_ENABLE_MODULES = YES;
				CLANG_ENABLE_OBJC_ARC = YES;
				CLANG_ENABLE_OBJC_WEAK = YES;
				CLANG_WARN_BLOCK_CAPTURE_AUTORELEASING = YES;
				CLANG_WARN_BOOL_CONVERSION = YES;
				CLANG_WARN_COMMA = YES;
				CLANG_WARN_CONSTANT_CONVERSION = YES;
				CLANG_WARN_DEPRECATED_OBJC_IMPLEMENTATIONS = YES;
				CLANG_WARN_DIRECT_OBJC_ISA_USAGE = YES_ERROR;
				CLANG_WARN_DOCUMENTATION_COMMENTS = YES;
				CLANG_WARN_EMPTY_BODY = YES;
				CLANG_WARN_ENUM_CONVERSION = YES;
				CLANG_WARN_INFINITE_RECURSION = YES;
				CLANG_WARN_INT_CONVERSION = YES;
				CLANG_WARN_NON_LITERAL_NULL_CONVERSION = YES;
				CLANG_WARN_OBJC_IMPLICIT_RETAIN_SELF = YES;
				CLANG_WARN_OBJC_LITERAL_CONVERSION = YES;
				CLANG_WARN_OBJC_ROOT_CLASS = YES_ERROR;
				CLANG_WARN_QUOTED_INCLUDE_IN_FRAMEWORK_HEADER = YES;
				CLANG_WARN_RANGE_LOOP_ANALYSIS = YES;
				CLANG_WARN_STRICT_PROTOTYPES = YES;
				CLANG_WARN_SUSPICIOUS_MOVE = YES;
				CLANG_WARN_UNGUARDED_AVAILABILITY = YES_AGGRESSIVE;
				CLANG_WARN_UNREACHABLE_CODE = YES;
				CLANG_WARN__DUPLICATE_METHOD_MATCH = YES;
				CODE_SIGN_IDENTITY = "-";
				CODE_SIGN_STYLE = Manual;
				COPY_PHASE_STRIP = NO;
				DEBUG_INFORMATION_FORMAT = "dwarf-with-dsym";
				ENABLE_HARDENED_RUNTIME = NO;
				ENABLE_NS_ASSERTIONS = NO;
				ENABLE_STRICT_OBJC_MSGSEND = YES;
				GCC_C_LANGUAGE_STANDARD = gnu11;
				GCC_NO_COMMON_BLOCKS = YES;
				GCC_WARN_64_TO_32_BIT_CONVERSION = YES;
				GCC_WARN_ABOUT_RETURN_TYPE = YES_ERROR;
				GCC_WARN_UNDECLARED_SELECTOR = YES;
				GCC_WARN_UNINITIALIZED_AUTOS = YES_AGGRESSIVE;
				GCC_WARN_UNUSED_FUNCTION = YES;
				GCC_WARN_UNUSED_VARIABLE = YES;
				MACOSX_DEPLOYMENT_TARGET = 15.0;
				MTL_ENABLE_DEBUG_INFO = NO;
				MTL_FAST_MATH = YES;
				PRODUCT_NAME = "$(TARGET_NAME)";
				SDKROOT = macosx;
				SWIFT_COMPILATION_MODE = wholemodule;
				SWIFT_OPTIMIZATION_LEVEL = "-O";
				SWIFT_VERSION = 5.0;
			};
			name = Release;
		};
		BFABA3A40624D2BF29835ACD /* Debug */ = {
			isa = XCBuildConfiguration;
			buildSettings = {
				ALWAYS_SEARCH_USER_PATHS = NO;
				ARCHS = arm64;
				CLANG_ANALYZER_NONNULL = YES;
				CLANG_ANALYZER_NUMBER_OBJECT_CONVERSION = YES_AGGRESSIVE;
				CLANG_CXX_LANGUAGE_STANDARD = "gnu++14";
				CLANG_CXX_LIBRARY = "libc++";
				CLANG_ENABLE_MODULES = YES;
				CLANG_ENABLE_OBJC_ARC = YES;
				CLANG_ENABLE_OBJC_WEAK = YES;
				CLANG_WARN_BLOCK_CAPTURE_AUTORELEASING = YES;
				CLANG_WARN_BOOL_CONVERSION = YES;
				CLANG_WARN_COMMA = YES;
				CLANG_WARN_CONSTANT_CONVERSION = YES;
				CLANG_WARN_DEPRECATED_OBJC_IMPLEMENTATIONS = YES;
				CLANG_WARN_DIRECT_OBJC_ISA_USAGE = YES_ERROR;
				CLANG_WARN_DOCUMENTATION_COMMENTS = YES;
				CLANG_WARN_EMPTY_BODY = YES;
				CLANG_WARN_ENUM_CONVERSION = YES;
				CLANG_WARN_INFINITE_RECURSION = YES;
				CLANG_WARN_INT_CONVERSION = YES;
				CLANG_WARN_NON_LITERAL_NULL_CONVERSION = YES;
				CLANG_WARN_OBJC_IMPLICIT_RETAIN_SELF = YES;
				CLANG_WARN_OBJC_LITERAL_CONVERSION = YES;
				CLANG_WARN_OBJC_ROOT_CLASS = YES_ERROR;
				CLANG_WARN_QUOTED_INCLUDE_IN_FRAMEWORK_HEADER = YES;
				CLANG_WARN_RANGE_LOOP_ANALYSIS = YES;
				CLANG_WARN_STRICT_PROTOTYPES = YES;
				CLANG_WARN_SUSPICIOUS_MOVE = YES;
				CLANG_WARN_UNGUARDED_AVAILABILITY = YES_AGGRESSIVE;
				CLANG_WARN_UNREACHABLE_CODE = YES;
				CLANG_WARN__DUPLICATE_METHOD_MATCH = YES;
				CODE_SIGN_IDENTITY = "-";
				CODE_SIGN_STYLE = Manual;
				COPY_PHASE_STRIP = NO;
				DEBUG_INFORMATION_FORMAT = dwarf;
				ENABLE_HARDENED_RUNTIME = NO;
				ENABLE_STRICT_OBJC_MSGSEND = YES;
				ENABLE_TESTABILITY = YES;
				GCC_C_LANGUAGE_STANDARD = gnu11;
				GCC_DYNAMIC_NO_PIC = NO;
				GCC_NO_COMMON_BLOCKS = YES;
				GCC_OPTIMIZATION_LEVEL = 0;
				GCC_PREPROCESSOR_DEFINITIONS = (
					"$(inherited)",
					"DEBUG=1",
				);
				GCC_WARN_64_TO_32_BIT_CONVERSION = YES;
				GCC_WARN_ABOUT_RETURN_TYPE = YES_ERROR;
				GCC_WARN_UNDECLARED_SELECTOR = YES;
				GCC_WARN_UNINITIALIZED_AUTOS = YES_AGGRESSIVE;
				GCC_WARN_UNUSED_FUNCTION = YES;
				GCC_WARN_UNUSED_VARIABLE = YES;
				MACOSX_DEPLOYMENT_TARGET = 15.0;
				MTL_ENABLE_DEBUG_INFO = INCLUDE_SOURCE;
				MTL_FAST_MATH = YES;
				ONLY_ACTIVE_ARCH = YES;
				PRODUCT_NAME = "$(TARGET_NAME)";
				SDKROOT = macosx;
				SWIFT_ACTIVE_COMPILATION_CONDITIONS = DEBUG;
				SWIFT_OPTIMIZATION_LEVEL = "-Onone";
				SWIFT_VERSION = 5.0;
			};
			name = Debug;
		};
/* End XCBuildConfiguration section */

/* Begin XCConfigurationList section */
		601924937A33EACC68F42767 /* Build configuration list for PBXNativeTarget "Jack" */ = {
			isa = XCConfigurationList;
			buildConfigurations = (
				552248331D550A98A182552C /* Debug */,
				08EABF99203A71CB4719E055 /* Release */,
			);
			defaultConfigurationIsVisible = 0;
			defaultConfigurationName = Debug;
		};
		C38D1958DEF0BE7F8FDB073E /* Build configuration list for PBXProject "Jack" */ = {
			isa = XCConfigurationList;
			buildConfigurations = (
				BFABA3A40624D2BF29835ACD /* Debug */,
				7942847CDAC2E1A70B96F349 /* Release */,
			);
			defaultConfigurationIsVisible = 0;
			defaultConfigurationName = Debug;
		};
		EB9F13B05DF9C6015CA64BAB /* Build configuration list for PBXNativeTarget "JackCore" */ = {
			isa = XCConfigurationList;
			buildConfigurations = (
				0CC167BC50CA643DF0DCCF10 /* Debug */,
				67971111F728CABDA6C283EE /* Release */,
			);
			defaultConfigurationIsVisible = 0;
			defaultConfigurationName = Debug;
		};
/* End XCConfigurationList section */

/* Begin XCRemoteSwiftPackageReference section */
		34E4D313CFA9B1F1DD6D13A0 /* XCRemoteSwiftPackageReference "SwiftTerm" */ = {
			isa = XCRemoteSwiftPackageReference;
			repositoryURL = "https://github.com/migueldeicaza/SwiftTerm";
			requirement = {
				kind = upToNextMajorVersion;
				minimumVersion = 1.20.0;
			};
		};
/* End XCRemoteSwiftPackageReference section */

/* Begin XCSwiftPackageProductDependency section */
		1385178F099D3E470B6B3D6E /* SwiftTerm */ = {
			isa = XCSwiftPackageProductDependency;
			package = 34E4D313CFA9B1F1DD6D13A0 /* XCRemoteSwiftPackageReference "SwiftTerm" */;
			productName = SwiftTerm;
		};
/* End XCSwiftPackageProductDependency section */
	};
	rootObject = 0D6918EDC0DA90E9F7119A31 /* Project object */;
}
